// !$*UTF8*$!
{
	archiveVersion = 1;
	classes = {
	};
	objectVersion = 50;
	objects = {

/* Begin PBXBuildFile section */
		521D6D3D243B6BF500723F7C /* NoteCell.swift in Sources */ = {isa = PBXBuildFile; fileRef = 521D6D3C243B6BF500723F7C /* NoteCell.swift */; };
		52703383241F609700694C46 /* AppDelegate.swift in Sources */ = {isa = PBXBuildFile; fileRef = 52703382241F609700694C46 /* AppDelegate.swift */; };
		52703385241F609700694C46 /* SceneDelegate.swift in Sources */ = {isa = PBXBuildFile; fileRef = 52703384241F609700694C46 /* SceneDelegate.swift */; };
		52703387241F609700694C46 /* ViewController.swift in Sources */ = {isa = PBXBuildFile; fileRef = 52703386241F609700694C46 /* ViewController.swift */; };
		5270338A241F609700694C46 /* Main.storyboard in Resources */ = {isa = PBXBuildFile; fileRef = 52703388241F609700694C46 /* Main.storyboard */; };
		5270338D241F609700694C46 /* EvoMobileLab.xcdatamodeld in Sources */ = {isa = PBXBuildFile; fileRef = 5270338B241F609700694C46 /* EvoMobileLab.xcdatamodeld */; };
		5270338F241F609800694C46 /* Assets.xcassets in Resources */ = {isa = PBXBuildFile; fileRef = 5270338E241F609800694C46 /* Assets.xcassets */; };
		52703392241F609800694C46 /* LaunchScreen.storyboard in Resources */ = {isa = PBXBuildFile; fileRef = 52703390241F609800694C46 /* LaunchScreen.storyboard */; };
		527033C12421FC2A00694C46 /* DisplayNoteViewController.swift in Sources */ = {isa = PBXBuildFile; fileRef = 527033C02421FC2A00694C46 /* DisplayNoteViewController.swift */; };
		527033C32421FC6B00694C46 /* CreateNoteViewController.swift in Sources */ = {isa = PBXBuildFile; fileRef = 527033C22421FC6B00694C46 /* CreateNoteViewController.swift */; };
		5275E18F242C8C5C003A457E /* Model.swift in Sources */ = {isa = PBXBuildFile; fileRef = 5275E18E242C8C5C003A457E /* Model.swift */; };
		52825E5124473769002CA1EA /* SingleNote+CoreDataClass.swift in Sources */ = {isa = PBXBuildFile; fileRef = 52825E4F24473769002CA1EA /* SingleNote+CoreDataClass.swift */; };
		52825E5224473769002CA1EA /* SingleNote+CoreDataProperties.swift in Sources */ = {isa = PBXBuildFile; fileRef = 52825E5024473769002CA1EA /* SingleNote+CoreDataProperties.swift */; };
/* End PBXBuildFile section */

/* Begin PBXFileReference section */
		521D6D3C243B6BF500723F7C /* NoteCell.swift */ = {isa = PBXFileReference; lastKnownFileType = sourcecode.swift; path = NoteCell.swift; sourceTree = "<group>"; };
		5270337F241F609700694C46 /* EvoMobileLab.app */ = {isa = PBXFileReference; explicitFileType = wrapper.application; includeInIndex = 0; path = EvoMobileLab.app; sourceTree = BUILT_PRODUCTS_DIR; };
		52703382241F609700694C46 /* AppDelegate.swift */ = {isa = PBXFileReference; lastKnownFileType = sourcecode.swift; path = AppDelegate.swift; sourceTree = "<group>"; };
		52703384241F609700694C46 /* SceneDelegate.swift */ = {isa = PBXFileReference; lastKnownFileType = sourcecode.swift; path = SceneDelegate.swift; sourceTree = "<group>"; };
		52703386241F609700694C46 /* ViewController.swift */ = {isa = PBXFileReference; lastKnownFileType = sourcecode.swift; path = ViewController.swift; sourceTree = "<group>"; };
		52703389241F609700694C46 /* Base */ = {isa = PBXFileReference; lastKnownFileType = file.storyboard; name = Base; path = Base.lproj/Main.storyboard; sourceTree = "<group>"; };
		5270338C241F609700694C46 /* EvoMobileLab.xcdatamodel */ = {isa = PBXFileReference; lastKnownFileType = wrapper.xcdatamodel; path = EvoMobileLab.xcdatamodel; sourceTree = "<group>"; };
		5270338E241F609800694C46 /* Assets.xcassets */ = {isa = PBXFileReference; lastKnownFileType = folder.assetcatalog; path = Assets.xcassets; sourceTree = "<group>"; };
		52703391241F609800694C46 /* Base */ = {isa = PBXFileReference; lastKnownFileType = file.storyboard; name = Base; path = Base.lproj/LaunchScreen.storyboard; sourceTree = "<group>"; };
		52703393241F609800694C46 /* Info.plist */ = {isa = PBXFileReference; lastKnownFileType = text.plist.xml; path = Info.plist; sourceTree = "<group>"; };
		527033C02421FC2A00694C46 /* DisplayNoteViewController.swift */ = {isa = PBXFileReference; lastKnownFileType = sourcecode.swift; path = DisplayNoteViewController.swift; sourceTree = "<group>"; };
		527033C22421FC6B00694C46 /* CreateNoteViewController.swift */ = {isa = PBXFileReference; lastKnownFileType = sourcecode.swift; path = CreateNoteViewController.swift; sourceTree = "<group>"; };
		5275E18E242C8C5C003A457E /* Model.swift */ = {isa = PBXFileReference; lastKnownFileType = sourcecode.swift; path = Model.swift; sourceTree = "<group>"; };
		52825E4F24473769002CA1EA /* SingleNote+CoreDataClass.swift */ = {isa = PBXFileReference; lastKnownFileType = sourcecode.swift; path = "SingleNote+CoreDataClass.swift"; sourceTree = "<group>"; };
		52825E5024473769002CA1EA /* SingleNote+CoreDataProperties.swift */ = {isa = PBXFileReference; lastKnownFileType = sourcecode.swift; path = "SingleNote+CoreDataProperties.swift"; sourceTree = "<group>"; };
/* End PBXFileReference section */

/* Begin PBXFrameworksBuildPhase section */
		5270337C241F609700694C46 /* Frameworks */ = {
			isa = PBXFrameworksBuildPhase;
			buildActionMask = 2147483647;
			files = (
			);
			runOnlyForDeploymentPostprocessing = 0;
		};
/* End PBXFrameworksBuildPhase section */

/* Begin PBXGroup section */
		52703376241F609700694C46 = {
			isa = PBXGroup;
			children = (
				52825E4F24473769002CA1EA /* SingleNote+CoreDataClass.swift */,
				52825E5024473769002CA1EA /* SingleNote+CoreDataProperties.swift */,
				5275E18D242C8C2F003A457E /* New Group */,
				52703381241F609700694C46 /* EvoMobileLab */,
				52703380241F609700694C46 /* Products */,
			);
			sourceTree = "<group>";
		};
		52703380241F609700694C46 /* Products */ = {
			isa = PBXGroup;
			children = (
				5270337F241F609700694C46 /* EvoMobileLab.app */,
			);
			name = Products;
			sourceTree = "<group>";
		};
		52703381241F609700694C46 /* EvoMobileLab */ = {
			isa = PBXGroup;
			children = (
				52703382241F609700694C46 /* AppDelegate.swift */,
				52703384241F609700694C46 /* SceneDelegate.swift */,
				52703386241F609700694C46 /* ViewController.swift */,
				52703388241F609700694C46 /* Main.storyboard */,
				521D6D3C243B6BF500723F7C /* NoteCell.swift */,
				527033C22421FC6B00694C46 /* CreateNoteViewController.swift */,
				527033C02421FC2A00694C46 /* DisplayNoteViewController.swift */,
				5270338E241F609800694C46 /* Assets.xcassets */,
				52703390241F609800694C46 /* LaunchScreen.storyboard */,
				52703393241F609800694C46 /* Info.plist */,
				5270338B241F609700694C46 /* EvoMobileLab.xcdatamodeld */,
			);
			path = EvoMobileLab;
			sourceTree = "<group>";
		};
		5275E18D242C8C2F003A457E /* New Group */ = {
			isa = PBXGroup;
			children = (
				5275E18E242C8C5C003A457E /* Model.swift */,
			);
			path = "New Group";
			sourceTree = "<group>";
		};
/* End PBXGroup section */

/* Begin PBXNativeTarget section */
		5270337E241F609700694C46 /* EvoMobileLab */ = {
			isa = PBXNativeTarget;
			buildConfigurationList = 52703396241F609800694C46 /* Build configuration list for PBXNativeTarget "EvoMobileLab" */;
			buildPhases = (
				5270337B241F609700694C46 /* Sources */,
				5270337C241F609700694C46 /* Frameworks */,
				5270337D241F609700694C46 /* Resources */,
			);
			buildRules = (
			);
			dependencies = (
			);
			name = EvoMobileLab;
			productName = EvoMobileLab;
			productReference = 5270337F241F609700694C46 /* EvoMobileLab.app */;
			productType = "com.apple.product-type.application";
		};
/* End PBXNativeTarget section */

/* Begin PBXProject section */
		52703377241F609700694C46 /* Project object */ = {
			isa = PBXProject;
			attributes = {
				LastSwiftUpdateCheck = 1130;
				LastUpgradeCheck = 1130;
				ORGANIZATIONNAME = Yurii;
				TargetAttributes = {
					5270337E241F609700694C46 = {
						CreatedOnToolsVersion = 11.3.1;
					};
				};
			};
			buildConfigurationList = 5270337A241F609700694C46 /* Build configuration list for PBXProject "EvoMobileLabGITNOW" */;
			compatibilityVersion = "Xcode 9.3";
			developmentRegion = en;
			hasScannedForEncodings = 0;
			knownRegions = (
				en,
				Base,
			);
			mainGroup = 52703376241F609700694C46;
			productRefGroup = 52703380241F609700694C46 /* Products */;
			projectDirPath = "";
			projectRoot = "";
			targets = (
				5270337E241F609700694C46 /* EvoMobileLab */,
			);
		};
/* End PBXProject section */

/* Begin PBXResourcesBuildPhase section */
		5270337D241F609700694C46 /* Resources */ = {
			isa = PBXResourcesBuildPhase;
			buildActionMask = 2147483647;
			files = (
				52703392241F609800694C46 /* LaunchScreen.storyboard in Resources */,
				5270338F241F609800694C46 /* Assets.xcassets in Resources */,
				5270338A241F609700694C46 /* Main.storyboard in Resources */,
			);
			runOnlyForDeploymentPostprocessing = 0;
		};
/* End PBXResourcesBuildPhase section */

/* Begin PBXSourcesBuildPhase section */
		5270337B241F609700694C46 /* Sources */ = {
			isa = PBXSourcesBuildPhase;
			buildActionMask = 2147483647;
			files = (
				52703387241F609700694C46 /* ViewController.swift in Sources */,
				52825E5124473769002CA1EA /* SingleNote+CoreDataClass.swift in Sources */,
				52703383241F609700694C46 /* AppDelegate.swift in Sources */,
				5270338D241F609700694C46 /* EvoMobileLab.xcdatamodeld in Sources */,
				527033C12421FC2A00694C46 /* DisplayNoteViewController.swift in Sources */,
				5275E18F242C8C5C003A457E /* Model.swift in Sources */,
				52703385241F609700694C46 /* SceneDelegate.swift in Sources */,
				52825E5224473769002CA1EA /* SingleNote+CoreDataProperties.swift in Sources */,
				527033C32421FC6B00694C46 /* CreateNoteViewController.swift in Sources */,
				521D6D3D243B6BF500723F7C /* NoteCell.swift in Sources */,
			);
			runOnlyForDeploymentPostprocessing = 0;
		};
/* End PBXSourcesBuildPhase section */

/* Begin PBXVariantGroup section */
		52703388241F609700694C46 /* Main.storyboard */ = {
			isa = PBXVariantGroup;
			children = (
				52703389241F609700694C46 /* Base */,
			);
			name = Main.storyboard;
			sourceTree = "<group>";
		};
		52703390241F609800694C46 /* LaunchScreen.storyboard */ = {
			isa = PBXVariantGroup;
			children = (
				52703391241F609800694C46 /* Base */,
			);
			name = LaunchScreen.storyboard;
			sourceTree = "<group>";
		};
/* End PBXVariantGroup section */

/* Begin XCBuildConfiguration section */
		52703394241F609800694C46 /* Debug */ = {
			isa = XCBuildConfiguration;
			buildSettings = {
				ALWAYS_SEARCH_USER_PATHS = NO;
				CLANG_ANALYZER_NONNULL = YES;
				CLANG_ANALYZER_NUMBER_OBJECT_CONVERSION = YES_AGGRESSIVE;
				CLANG_CXX_LANGUAGE_STANDARD = "gnu++14";
				CLANG_CXX_LIBRARY = "libc++";
				CLANG_ENABLE_MODULES = YES;
				CLANG_ENABLE_OBJC_ARC = YES;
				CLANG_ENABLE_OBJC_WEAK = YES;
				CLANG_WARN_BLOCK_CAPTURE_AUTORELEASING = YES;
				CLANG_WARN_BOOL_CONVERSION = YES;
				CLANG_WARN_COMMA = YES;
				CLANG_WARN_CONSTANT_CONVERSION = YES;
				CLANG_WARN_DEPRECATED_OBJC_IMPLEMENTATIONS = YES;
				CLANG_WARN_DIRECT_OBJC_ISA_USAGE = YES_ERROR;
				CLANG_WARN_DOCUMENTATION_COMMENTS = YES;
				CLANG_WARN_EMPTY_BODY = YES;
				CLANG_WARN_ENUM_CONVERSION = YES;
				CLANG_WARN_INFINITE_RECURSION = YES;
				CLANG_WARN_INT_CONVERSION = YES;
				CLANG_WARN_NON_LITERAL_NULL_CONVERSION = YES;
				CLANG_WARN_OBJC_IMPLICIT_RETAIN_SELF = YES;
				CLANG_WARN_OBJC_LITERAL_CONVERSION = YES;
				CLANG_WARN_OBJC_ROOT_CLASS = YES_ERROR;
				CLANG_WARN_RANGE_LOOP_ANALYSIS = YES;
				CLANG_WARN_STRICT_PROTOTYPES = YES;
				CLANG_WARN_SUSPICIOUS_MOVE = YES;
				CLANG_WARN_UNGUARDED_AVAILABILITY = YES_AGGRESSIVE;
				CLANG_WARN_UNREACHABLE_CODE = YES;
				CLANG_WARN__DUPLICATE_METHOD_MATCH = YES;
				COPY_PHASE_STRIP = NO;
				DEBUG_INFORMATION_FORMAT = dwarf;
				ENABLE_STRICT_OBJC_MSGSEND = YES;
				ENABLE_TESTABILITY = YES;
				GCC_C_LANGUAGE_STANDARD = gnu11;
				GCC_DYNAMIC_NO_PIC = NO;
				GCC_NO_COMMON_BLOCKS = YES;
				GCC_OPTIMIZATION_LEVEL = 0;
				GCC_PREPROCESSOR_DEFINITIONS = (
					"DEBUG=1",
					"$(inherited)",
				);
				GCC_WARN_64_TO_32_BIT_CONVERSION = YES;
				GCC_WARN_ABOUT_RETURN_TYPE = YES_ERROR;
				GCC_WARN_UNDECLARED_SELECTOR = YES;
				GCC_WARN_UNINITIALIZED_AUTOS = YES_AGGRESSIVE;
				GCC_WARN_UNUSED_FUNCTION = YES;
				GCC_WARN_UNUSED_VARIABLE = YES;
				IPHONEOS_DEPLOYMENT_TARGET = 13.2;
				MTL_ENABLE_DEBUG_INFO = INCLUDE_SOURCE;
				MTL_FAST_MATH = YES;
				ONLY_ACTIVE_ARCH = YES;
				SDKROOT = iphoneos;
				SWIFT_ACTIVE_COMPILATION_CONDITIONS = DEBUG;
				SWIFT_OPTIMIZATION_LEVEL = "-Onone";
			};
			name = Debug;
		};
		52703395241F609800694C46 /* Release */ = {
			isa = XCBuildConfiguration;
			buildSettings = {
				ALWAYS_SEARCH_USER_PATHS = NO;
				CLANG_ANALYZER_NONNULL = YES;
				CLANG_ANALYZER_NUMBER_OBJECT_CONVERSION = YES_AGGRESSIVE;
				CLANG_CXX_LANGUAGE_STANDARD = "gnu++14";
				CLANG_CXX_LIBRARY = "libc++";
				CLANG_ENABLE_MODULES = YES;
				CLANG_ENABLE_OBJC_ARC = YES;
				CLANG_ENABLE_OBJC_WEAK = YES;
				CLANG_WARN_BLOCK_CAPTURE_AUTORELEASING = YES;
				CLANG_WARN_BOOL_CONVERSION = YES;
				CLANG_WARN_COMMA = YES;
				CLANG_WARN_CONSTANT_CONVERSION = YES;
				CLANG_WARN_DEPRECATED_OBJC_IMPLEMENTATIONS = YES;
				CLANG_WARN_DIRECT_OBJC_ISA_USAGE = YES_ERROR;
				CLANG_WARN_DOCUMENTATION_COMMENTS = YES;
				CLANG_WARN_EMPTY_BODY = YES;
				CLANG_WARN_ENUM_CONVERSION = YES;
				CLANG_WARN_INFINITE_RECURSION = YES;
				CLANG_WARN_INT_CONVERSION = YES;
				CLANG_WARN_NON_LITERAL_NULL_CONVERSION = YES;
				CLANG_WARN_OBJC_IMPLICIT_RETAIN_SELF = YES;
				CLANG_WARN_OBJC_LITERAL_CONVERSION = YES;
				CLANG_WARN_OBJC_ROOT_CLASS = YES_ERROR;
				CLANG_WARN_RANGE_LOOP_ANALYSIS = YES;
				CLANG_WARN_STRICT_PROTOTYPES = YES;
				CLANG_WARN_SUSPICIOUS_MOVE = YES;
				CLANG_WARN_UNGUARDED_AVAILABILITY = YES_AGGRESSIVE;
				CLANG_WARN_UNREACHABLE_CODE = YES;
				CLANG_WARN__DUPLICATE_METHOD_MATCH = YES;
				COPY_PHASE_STRIP = NO;
				DEBUG_INFORMATION_FORMAT = "dwarf-with-dsym";
				ENABLE_NS_ASSERTIONS = NO;
				ENABLE_STRICT_OBJC_MSGSEND = YES;
				GCC_C_LANGUAGE_STANDARD = gnu11;
				GCC_NO_COMMON_BLOCKS = YES;
				GCC_WARN_64_TO_32_BIT_CONVERSION = YES;
				GCC_WARN_ABOUT_RETURN_TYPE = YES_ERROR;
				GCC_WARN_UNDECLARED_SELECTOR = YES;
				GCC_WARN_UNINITIALIZED_AUTOS = YES_AGGRESSIVE;
				GCC_WARN_UNUSED_FUNCTION = YES;
				GCC_WARN_UNUSED_VARIABLE = YES;
				IPHONEOS_DEPLOYMENT_TARGET = 13.2;
				MTL_ENABLE_DEBUG_INFO = NO;
				MTL_FAST_MATH = YES;
				SDKROOT = iphoneos;
				SWIFT_COMPILATION_MODE = wholemodule;
				SWIFT_OPTIMIZATION_LEVEL = "-O";
				VALIDATE_PRODUCT = YES;
			};
			name = Release;
		};
		52703397241F609800694C46 /* Debug */ = {
			isa = XCBuildConfiguration;
			buildSettings = {
				ASSETCATALOG_COMPILER_APPICON_NAME = AppIcon;
				CODE_SIGN_STYLE = Automatic;
				DEVELOPMENT_TEAM = FX5984K5YK;
				INFOPLIST_FILE = EvoMobileLab/Info.plist;
				LD_RUNPATH_SEARCH_PATHS = (
					"$(inherited)",
					"@executable_path/Frameworks",
				);
				PRODUCT_BUNDLE_IDENTIFIER = com.example..EvoMobileLab;
				PRODUCT_NAME = "$(TARGET_NAME)";
				SWIFT_VERSION = 5.0;
				TARGETED_DEVICE_FAMILY = "1,2";
			};
			name = Debug;
		};
		52703398241F609800694C46 /* Release */ = {
			isa = XCBuildConfiguration;
			buildSettings = {
				ASSETCATALOG_COMPILER_APPICON_NAME = AppIcon;
				CODE_SIGN_STYLE = Automatic;
				DEVELOPMENT_TEAM = FX5984K5YK;
				INFOPLIST_FILE = EvoMobileLab/Info.plist;
				LD_RUNPATH_SEARCH_PATHS = (
					"$(inherited)",
					"@executable_path/Frameworks",
				);
				PRODUCT_BUNDLE_IDENTIFIER = com.example..EvoMobileLab;
				PRODUCT_NAME = "$(TARGET_NAME)";
				SWIFT_VERSION = 5.0;
				TARGETED_DEVICE_FAMILY = "1,2";
			};
			name = Release;
		};
/* End XCBuildConfiguration section */

/* Begin XCConfigurationList section */
		5270337A241F609700694C46 /* Build configuration list for PBXProject "EvoMobileLabGITNOW" */ = {
			isa = XCConfigurationList;
			buildConfigurations = (
				52703394241F609800694C46 /* Debug */,
				52703395241F609800694C46 /* Release */,
			);
			defaultConfigurationIsVisible = 0;
			defaultConfigurationName = Release;
		};
		52703396241F609800694C46 /* Build configuration list for PBXNativeTarget "EvoMobileLab" */ = {
			isa = XCConfigurationList;
			buildConfigurations = (
				52703397241F609800694C46 /* Debug */,
				52703398241F609800694C46 /* Release */,
			);
			defaultConfigurationIsVisible = 0;
			defaultConfigurationName = Release;
		};
/* End XCConfigurationList section */

/* Begin XCVersionGroup section */
		5270338B241F609700694C46 /* EvoMobileLab.xcdatamodeld */ = {
			isa = XCVersionGroup;
			children = (
				5270338C241F609700694C46 /* EvoMobileLab.xcdatamodel */,
			);
			currentVersion = 5270338C241F609700694C46 /* EvoMobileLab.xcdatamodel */;
			path = EvoMobileLab.xcdatamodeld;
			sourceTree = "<group>";
			versionGroupType = wrapper.xcdatamodel;
		};
/* End XCVersionGroup section */
	};
	rootObject = 52703377241F609700694C46 /* Project object */;
}
